
Microsoft Visual Studio Solution File, Format Version 12.00
# Visual Studio Express 15 for Windows Desktop
VisualStudioVersion = 15.0.28307.1145
MinimumVisualStudioVersion = 10.0.40219.1
Project("{8BC9CEB8-8B4A-11D0-8D11-00A0C91BC942}") = "GenerateKeyExOptImpl", "GenerateKeyExOptImpl.vcxproj", "{D859FBCD-014C-4754-9284-595E0FC24684}"
EndProject
Global
	GlobalSection(SolutionConfigurationPlatforms) = preSolution
		Debug|x86 = Debug|x86
		Release|x86 = Release|x86
	EndGlobalSection
	GlobalSection(ProjectConfigurationPlatforms) = postSolution
		{D859FBCD-014C-4754-9284-595E0FC24684}.Debug|x86.ActiveCfg = Debug|Win32
		{D859FBCD-014C-4754-9284-595E0FC24684}.Debug|x86.Build.0 = Debug|Win32
		{D859FBCD-014C-4754-9284-595E0FC24684}.Release|x86.ActiveCfg = Release|Win32
		{D859FBCD-014C-4754-9284-595E0FC24684}.Release|x86.Build.0 = Release|Win32
	EndGlobalSection
	GlobalSection(SolutionProperties) = preSolution
		HideSolutionNode = FALSE
	EndGlobalSection
	GlobalSection(ExtensibilityGlobals) = postSolution
		SolutionGuid = {B23B0E7A-4C57-4189-8A40-F8F8AF7E5CE3}
	EndGlobalSection
EndGlobal
